
Microsoft Visual Studio Solution File, Format Version 12.00
# Visual Studio 15
VisualStudioVersion = 15.0.27703.2047
MinimumVisualStudioVersion = 10.0.40219.1
Project("{FAE04EC0-301F-11D3-BF4B-00C04F79EFBC}") = "Besmir_Mehmetaj_Sportdag", "Besmir_Mehmetaj_Sportdag\Besmir_Mehmetaj_Sportdag.csproj", "{89C0B6AF-B6C3-4B1E-A31D-102EAFCBD97B}"
EndProject
Global
	GlobalSection(SolutionConfigurationPlatforms) = preSolution
		Debug|Any CPU = Debug|Any CPU
		Release|Any CPU = Release|Any CPU
	EndGlobalSection
	GlobalSection(ProjectConfigurationPlatforms) = postSolution
		{89C0B6AF-B6C3-4B1E-A31D-102EAFCBD97B}.Debug|Any CPU.ActiveCfg = Debug|Any CPU
		{89C0B6AF-B6C3-4B1E-A31D-102EAFCBD97B}.Debug|Any CPU.Build.0 = Debug|Any CPU
		{89C0B6AF-B6C3-4B1E-A31D-102EAFCBD97B}.Release|Any CPU.ActiveCfg = Release|Any CPU
		{89C0B6AF-B6C3-4B1E-A31D-102EAFCBD97B}.Release|Any CPU.Build.0 = Release|Any CPU
	EndGlobalSection
	GlobalSection(SolutionProperties) = preSolution
		HideSolutionNode = FALSE
	EndGlobalSection
	GlobalSection(ExtensibilityGlobals) = postSolution
		SolutionGuid = {0AE87565-700E-405D-A3FE-5D82FEF6CA01}
	EndGlobalSection
EndGlobal
